
Microsoft Visual Studio Solution File, Format Version 12.00
# Visual Studio Version 16
VisualStudioVersion = 16.0.30225.117
MinimumVisualStudioVersion = 10.0.40219.1
Project("{2150E333-8FDC-42A3-9474-1A3956D46DE8}") = "src", "src", "{4B3D6C29-1FFA-4AD1-B965-DAC6DBBDDEED}"
EndProject
Project("{2150E333-8FDC-42A3-9474-1A3956D46DE8}") = "BuildingBlocks", "BuildingBlocks", "{B460A561-F128-43DC-A8D0-9C35E4BFBFD3}"
EndProject
Project("{2150E333-8FDC-42A3-9474-1A3956D46DE8}") = "Services", "Services", "{0838603C-EE63-450B-8225-42A4772AF4B3}"
EndProject
Project("{2150E333-8FDC-42A3-9474-1A3956D46DE8}") = "WebApps", "WebApps", "{5728891F-A619-4992-905F-80BBFD0AEDDA}"
EndProject
Project("{2150E333-8FDC-42A3-9474-1A3956D46DE8}") = "Identity", "Identity", "{3148BD70-9411-40F0-A6EB-4C8D0846F939}"
EndProject
Project("{FAE04EC0-301F-11D3-BF4B-00C04F79EFBC}") = "BBQStore.Identity.API", "src\services\BBQStore.Identity.API\BBQStore.Identity.API.csproj", "{59D2C57D-60BD-4026-9BD8-C108E1B63B67}"
EndProject
Project("{FAE04EC0-301F-11D3-BF4B-00C04F79EFBC}") = "BBQStore.Core", "src\building-blocks\BBQStore.Core\BBQStore.Core.csproj", "{61357F8E-95F8-438B-8D3E-10470A96BD0D}"
EndProject
Project("{2150E333-8FDC-42A3-9474-1A3956D46DE8}") = "Core", "Core", "{D72CE7D7-0A4A-4873-A785-E42299AC5982}"
EndProject
Project("{2150E333-8FDC-42A3-9474-1A3956D46DE8}") = "Catalog", "Catalog", "{C01A33BD-4279-4EFB-89AF-FC479B0F971A}"
EndProject
Project("{2150E333-8FDC-42A3-9474-1A3956D46DE8}") = "Client", "Client", "{6E3189B7-C4B9-48BE-9BB6-AB1CD3C3E749}"
EndProject
Project("{2150E333-8FDC-42A3-9474-1A3956D46DE8}") = "Payment", "Payment", "{79F5EB8F-2E76-4A4D-B59A-CAF44E525E3D}"
EndProject
Project("{2150E333-8FDC-42A3-9474-1A3956D46DE8}") = "Ordering", "Ordering", "{3230B66A-58D0-4316-B25F-BE8B7938842D}"
EndProject
Project("{2150E333-8FDC-42A3-9474-1A3956D46DE8}") = "Basket", "Basket", "{270C5C2A-20C3-472E-9C62-864E3ADB372F}"
EndProject
Project("{FAE04EC0-301F-11D3-BF4B-00C04F79EFBC}") = "BBQStore.Basket.API", "src\services\BBQStore.Basket.API\BBQStore.Basket.API.csproj", "{C10DBE11-367D-483D-B2BF-9FC8881E4731}"
EndProject
Project("{FAE04EC0-301F-11D3-BF4B-00C04F79EFBC}") = "BBQStore.Catalog.API", "src\services\BBQStore.Catalog.API\BBQStore.Catalog.API.csproj", "{F094D585-CB61-4896-9040-8F98D4B4CD88}"
EndProject
Project("{FAE04EC0-301F-11D3-BF4B-00C04F79EFBC}") = "BBQStore.Client.API", "src\services\BBQStore.Client.API\BBQStore.Client.API.csproj", "{E0F2F7B4-0AB8-46B4-A963-75E9D5C949E8}"
EndProject
Project("{FAE04EC0-301F-11D3-BF4B-00C04F79EFBC}") = "BBQStore.Ordering.API", "src\services\BBQStore.Ordering.API\BBQStore.Ordering.API.csproj", "{A5E41868-CDBA-46FB-89DC-6F9610B076D7}"
EndProject
Project("{FAE04EC0-301F-11D3-BF4B-00C04F79EFBC}") = "BBQStore.Payment.API", "src\services\BBQStore.Payment.API\BBQStore.Payment.API.csproj", "{BD3C8AE5-F86B-4E0D-9F42-31ED6C0363B4}"
EndProject
Global
	GlobalSection(SolutionConfigurationPlatforms) = preSolution
		Debug|Any CPU = Debug|Any CPU
		Release|Any CPU = Release|Any CPU
	EndGlobalSection
	GlobalSection(ProjectConfigurationPlatforms) = postSolution
		{59D2C57D-60BD-4026-9BD8-C108E1B63B67}.Debug|Any CPU.ActiveCfg = Debug|Any CPU
		{59D2C57D-60BD-4026-9BD8-C108E1B63B67}.Debug|Any CPU.Build.0 = Debug|Any CPU
		{59D2C57D-60BD-4026-9BD8-C108E1B63B67}.Release|Any CPU.ActiveCfg = Release|Any CPU
		{59D2C57D-60BD-4026-9BD8-C108E1B63B67}.Release|Any CPU.Build.0 = Release|Any CPU
		{61357F8E-95F8-438B-8D3E-10470A96BD0D}.Debug|Any CPU.ActiveCfg = Debug|Any CPU
		{61357F8E-95F8-438B-8D3E-10470A96BD0D}.Debug|Any CPU.Build.0 = Debug|Any CPU
		{61357F8E-95F8-438B-8D3E-10470A96BD0D}.Release|Any CPU.ActiveCfg = Release|Any CPU
		{61357F8E-95F8-438B-8D3E-10470A96BD0D}.Release|Any CPU.Build.0 = Release|Any CPU
		{C10DBE11-367D-483D-B2BF-9FC8881E4731}.Debug|Any CPU.ActiveCfg = Debug|Any CPU
		{C10DBE11-367D-483D-B2BF-9FC8881E4731}.Debug|Any CPU.Build.0 = Debug|Any CPU
		{C10DBE11-367D-483D-B2BF-9FC8881E4731}.Release|Any CPU.ActiveCfg = Release|Any CPU
		{C10DBE11-367D-483D-B2BF-9FC8881E4731}.Release|Any CPU.Build.0 = Release|Any CPU
		{F094D585-CB61-4896-9040-8F98D4B4CD88}.Debug|Any CPU.ActiveCfg = Debug|Any CPU
		{F094D585-CB61-4896-9040-8F98D4B4CD88}.Debug|Any CPU.Build.0 = Debug|Any CPU
		{F094D585-CB61-4896-9040-8F98D4B4CD88}.Release|Any CPU.ActiveCfg = Release|Any CPU
		{F094D585-CB61-4896-9040-8F98D4B4CD88}.Release|Any CPU.Build.0 = Release|Any CPU
		{E0F2F7B4-0AB8-46B4-A963-75E9D5C949E8}.Debug|Any CPU.ActiveCfg = Debug|Any CPU
		{E0F2F7B4-0AB8-46B4-A963-75E9D5C949E8}.Debug|Any CPU.Build.0 = Debug|Any CPU
		{E0F2F7B4-0AB8-46B4-A963-75E9D5C949E8}.Release|Any CPU.ActiveCfg = Release|Any CPU
		{E0F2F7B4-0AB8-46B4-A963-75E9D5C949E8}.Release|Any CPU.Build.0 = Release|Any CPU
		{A5E41868-CDBA-46FB-89DC-6F9610B076D7}.Debug|Any CPU.ActiveCfg = Debug|Any CPU
		{A5E41868-CDBA-46FB-89DC-6F9610B076D7}.Debug|Any CPU.Build.0 = Debug|Any CPU
		{A5E41868-CDBA-46FB-89DC-6F9610B076D7}.Release|Any CPU.ActiveCfg = Release|Any CPU
		{A5E41868-CDBA-46FB-89DC-6F9610B076D7}.Release|Any CPU.Build.0 = Release|Any CPU
		{BD3C8AE5-F86B-4E0D-9F42-31ED6C0363B4}.Debug|Any CPU.ActiveCfg = Debug|Any CPU
		{BD3C8AE5-F86B-4E0D-9F42-31ED6C0363B4}.Debug|Any CPU.Build.0 = Debug|Any CPU
		{BD3C8AE5-F86B-4E0D-9F42-31ED6C0363B4}.Release|Any CPU.ActiveCfg = Release|Any CPU
		{BD3C8AE5-F86B-4E0D-9F42-31ED6C0363B4}.Release|Any CPU.Build.0 = Release|Any CPU
	EndGlobalSection
	GlobalSection(SolutionProperties) = preSolution
		HideSolutionNode = FALSE
	EndGlobalSection
	GlobalSection(NestedProjects) = preSolution
		{B460A561-F128-43DC-A8D0-9C35E4BFBFD3} = {4B3D6C29-1FFA-4AD1-B965-DAC6DBBDDEED}
		{0838603C-EE63-450B-8225-42A4772AF4B3} = {4B3D6C29-1FFA-4AD1-B965-DAC6DBBDDEED}
		{5728891F-A619-4992-905F-80BBFD0AEDDA} = {4B3D6C29-1FFA-4AD1-B965-DAC6DBBDDEED}
		{3148BD70-9411-40F0-A6EB-4C8D0846F939} = {0838603C-EE63-450B-8225-42A4772AF4B3}
		{59D2C57D-60BD-4026-9BD8-C108E1B63B67} = {3148BD70-9411-40F0-A6EB-4C8D0846F939}
		{61357F8E-95F8-438B-8D3E-10470A96BD0D} = {D72CE7D7-0A4A-4873-A785-E42299AC5982}
		{D72CE7D7-0A4A-4873-A785-E42299AC5982} = {B460A561-F128-43DC-A8D0-9C35E4BFBFD3}
		{C01A33BD-4279-4EFB-89AF-FC479B0F971A} = {0838603C-EE63-450B-8225-42A4772AF4B3}
		{6E3189B7-C4B9-48BE-9BB6-AB1CD3C3E749} = {0838603C-EE63-450B-8225-42A4772AF4B3}
		{79F5EB8F-2E76-4A4D-B59A-CAF44E525E3D} = {0838603C-EE63-450B-8225-42A4772AF4B3}
		{3230B66A-58D0-4316-B25F-BE8B7938842D} = {0838603C-EE63-450B-8225-42A4772AF4B3}
		{270C5C2A-20C3-472E-9C62-864E3ADB372F} = {0838603C-EE63-450B-8225-42A4772AF4B3}
		{C10DBE11-367D-483D-B2BF-9FC8881E4731} = {270C5C2A-20C3-472E-9C62-864E3ADB372F}
		{F094D585-CB61-4896-9040-8F98D4B4CD88} = {C01A33BD-4279-4EFB-89AF-FC479B0F971A}
		{E0F2F7B4-0AB8-46B4-A963-75E9D5C949E8} = {6E3189B7-C4B9-48BE-9BB6-AB1CD3C3E749}
		{A5E41868-CDBA-46FB-89DC-6F9610B076D7} = {3230B66A-58D0-4316-B25F-BE8B7938842D}
		{BD3C8AE5-F86B-4E0D-9F42-31ED6C0363B4} = {79F5EB8F-2E76-4A4D-B59A-CAF44E525E3D}
	EndGlobalSection
	GlobalSection(ExtensibilityGlobals) = postSolution
		SolutionGuid = {0C64E2E1-FB7E-4A1E-B5CD-3EF207193D27}
	EndGlobalSection
EndGlobal
